
Microsoft Visual Studio Solution File, Format Version 12.00
# Visual Studio 14
VisualStudioVersion = 14.0.25123.0
MinimumVisualStudioVersion = 10.0.40219.1
Project("{FAE04EC0-301F-11D3-BF4B-00C04F79EFBC}") = "SuperReducedString", "SuperReducedString\SuperReducedString.csproj", "{CDBA0DC2-3624-4E6A-8FF2-B8561A50B4D5}"
EndProject
Project("{FAE04EC0-301F-11D3-BF4B-00C04F79EFBC}") = "30DaysOfCodeChallenge_Day1", "30DaysOfCodeChallenge_Day1\30DaysOfCodeChallenge_Day1.csproj", "{D166A635-8823-40E8-B74A-B52F7D41D56B}"
EndProject
Project("{FAE04EC0-301F-11D3-BF4B-00C04F79EFBC}") = "30DaysOfCodeChallenge_Day0", "30DaysOfCodeChallenge_Day0\30DaysOfCodeChallenge_Day0.csproj", "{E5871D74-9CDA-4967-8E33-3D69C73AECCB}"
EndProject
Project("{FAE04EC0-301F-11D3-BF4B-00C04F79EFBC}") = "30DaysOfCodeChallenge_Day2", "30DaysOfCodeChallenge_Day2\30DaysOfCodeChallenge_Day2.csproj", "{25706837-9F7F-4387-96AC-58DE9ACCF886}"
EndProject
Global
	GlobalSection(SolutionConfigurationPlatforms) = preSolution
		Debug|Any CPU = Debug|Any CPU
		Release|Any CPU = Release|Any CPU
	EndGlobalSection
	GlobalSection(ProjectConfigurationPlatforms) = postSolution
		{CDBA0DC2-3624-4E6A-8FF2-B8561A50B4D5}.Debug|Any CPU.ActiveCfg = Debug|Any CPU
		{CDBA0DC2-3624-4E6A-8FF2-B8561A50B4D5}.Debug|Any CPU.Build.0 = Debug|Any CPU
		{CDBA0DC2-3624-4E6A-8FF2-B8561A50B4D5}.Release|Any CPU.ActiveCfg = Release|Any CPU
		{CDBA0DC2-3624-4E6A-8FF2-B8561A50B4D5}.Release|Any CPU.Build.0 = Release|Any CPU
		{D166A635-8823-40E8-B74A-B52F7D41D56B}.Debug|Any CPU.ActiveCfg = Debug|Any CPU
		{D166A635-8823-40E8-B74A-B52F7D41D56B}.Debug|Any CPU.Build.0 = Debug|Any CPU
		{D166A635-8823-40E8-B74A-B52F7D41D56B}.Release|Any CPU.ActiveCfg = Release|Any CPU
		{D166A635-8823-40E8-B74A-B52F7D41D56B}.Release|Any CPU.Build.0 = Release|Any CPU
		{E5871D74-9CDA-4967-8E33-3D69C73AECCB}.Debug|Any CPU.ActiveCfg = Debug|Any CPU
		{E5871D74-9CDA-4967-8E33-3D69C73AECCB}.Debug|Any CPU.Build.0 = Debug|Any CPU
		{E5871D74-9CDA-4967-8E33-3D69C73AECCB}.Release|Any CPU.ActiveCfg = Release|Any CPU
		{E5871D74-9CDA-4967-8E33-3D69C73AECCB}.Release|Any CPU.Build.0 = Release|Any CPU
		{25706837-9F7F-4387-96AC-58DE9ACCF886}.Debug|Any CPU.ActiveCfg = Debug|Any CPU
		{25706837-9F7F-4387-96AC-58DE9ACCF886}.Debug|Any CPU.Build.0 = Debug|Any CPU
		{25706837-9F7F-4387-96AC-58DE9ACCF886}.Release|Any CPU.ActiveCfg = Release|Any CPU
		{25706837-9F7F-4387-96AC-58DE9ACCF886}.Release|Any CPU.Build.0 = Release|Any CPU
	EndGlobalSection
	GlobalSection(SolutionProperties) = preSolution
		HideSolutionNode = FALSE
	EndGlobalSection
EndGlobal
